
Microsoft Visual Studio Solution File, Format Version 12.00
# Visual Studio Version 16
VisualStudioVersion = 16.0.33130.400
MinimumVisualStudioVersion = 10.0.40219.1
Project("{FAE04EC0-301F-11D3-BF4B-00C04F79EFBC}") = "SwimmingPool", "SwimmingPool\SwimmingPool.csproj", "{6A33BCFA-23C1-44C4-9CEC-B8BDAD32BBBB}"
EndProject
Global
	GlobalSection(SolutionConfigurationPlatforms) = preSolution
		Debug|Any CPU = Debug|Any CPU
		Release|Any CPU = Release|Any CPU
	EndGlobalSection
	GlobalSection(ProjectConfigurationPlatforms) = postSolution
		{6A33BCFA-23C1-44C4-9CEC-B8BDAD32BBBB}.Debug|Any CPU.ActiveCfg = Debug|Any CPU
		{6A33BCFA-23C1-44C4-9CEC-B8BDAD32BBBB}.Debug|Any CPU.Build.0 = Debug|Any CPU
		{6A33BCFA-23C1-44C4-9CEC-B8BDAD32BBBB}.Release|Any CPU.ActiveCfg = Release|Any CPU
		{6A33BCFA-23C1-44C4-9CEC-B8BDAD32BBBB}.Release|Any CPU.Build.0 = Release|Any CPU
	EndGlobalSection
	GlobalSection(SolutionProperties) = preSolution
		HideSolutionNode = FALSE
	EndGlobalSection
	GlobalSection(ExtensibilityGlobals) = postSolution
		SolutionGuid = {12AAF6A1-92A6-45E6-AB8A-13B8993AE06B}
	EndGlobalSection
EndGlobal
